
Microsoft Visual Studio Solution File, Format Version 12.00
# Visual Studio Version 17
VisualStudioVersion = 17.1.31911.260
MinimumVisualStudioVersion = 10.0.40219.1
Project("{9A19103F-16F7-4668-BE54-9A1E7A4F7556}") = "PokemonCoRNGLibrary", "PokemonCoRNGLibrary\PokemonCoRNGLibrary.csproj", "{F598BC3A-0728-4C01-B619-685C9AC6AA9A}"
EndProject
Project("{9A19103F-16F7-4668-BE54-9A1E7A4F7556}") = "ConsoleApp", "ConsoleApp\ConsoleApp.csproj", "{953EE945-8ABD-464A-A396-2FD9F16BBEA5}"
EndProject
Project("{9A19103F-16F7-4668-BE54-9A1E7A4F7556}") = "PokemonCoRNGLibrary.StarterCriteriaLanguage", "PokemonCoRNGLibrary.StarterCriteriaLanguage\PokemonCoRNGLibrary.StarterCriteriaLanguage.csproj", "{B19B43E3-A4EA-4F6A-95F2-19FD5048DA30}"
EndProject
Project("{FAE04EC0-301F-11D3-BF4B-00C04F79EFBC}") = "Tests", "Tests\Tests.csproj", "{D6B898E5-0BFF-478B-87D7-4A42A76BEF1D}"
EndProject
Global
	GlobalSection(SolutionConfigurationPlatforms) = preSolution
		Debug|Any CPU = Debug|Any CPU
		Release|Any CPU = Release|Any CPU
	EndGlobalSection
	GlobalSection(ProjectConfigurationPlatforms) = postSolution
		{F598BC3A-0728-4C01-B619-685C9AC6AA9A}.Debug|Any CPU.ActiveCfg = Debug|Any CPU
		{F598BC3A-0728-4C01-B619-685C9AC6AA9A}.Debug|Any CPU.Build.0 = Debug|Any CPU
		{F598BC3A-0728-4C01-B619-685C9AC6AA9A}.Release|Any CPU.ActiveCfg = Release|Any CPU
		{F598BC3A-0728-4C01-B619-685C9AC6AA9A}.Release|Any CPU.Build.0 = Release|Any CPU
		{953EE945-8ABD-464A-A396-2FD9F16BBEA5}.Debug|Any CPU.ActiveCfg = Debug|Any CPU
		{953EE945-8ABD-464A-A396-2FD9F16BBEA5}.Debug|Any CPU.Build.0 = Debug|Any CPU
		{953EE945-8ABD-464A-A396-2FD9F16BBEA5}.Release|Any CPU.ActiveCfg = Release|Any CPU
		{953EE945-8ABD-464A-A396-2FD9F16BBEA5}.Release|Any CPU.Build.0 = Release|Any CPU
		{B19B43E3-A4EA-4F6A-95F2-19FD5048DA30}.Debug|Any CPU.ActiveCfg = Debug|Any CPU
		{B19B43E3-A4EA-4F6A-95F2-19FD5048DA30}.Debug|Any CPU.Build.0 = Debug|Any CPU
		{B19B43E3-A4EA-4F6A-95F2-19FD5048DA30}.Release|Any CPU.ActiveCfg = Release|Any CPU
		{B19B43E3-A4EA-4F6A-95F2-19FD5048DA30}.Release|Any CPU.Build.0 = Release|Any CPU
		{D6B898E5-0BFF-478B-87D7-4A42A76BEF1D}.Debug|Any CPU.ActiveCfg = Debug|Any CPU
		{D6B898E5-0BFF-478B-87D7-4A42A76BEF1D}.Debug|Any CPU.Build.0 = Debug|Any CPU
		{D6B898E5-0BFF-478B-87D7-4A42A76BEF1D}.Release|Any CPU.ActiveCfg = Release|Any CPU
		{D6B898E5-0BFF-478B-87D7-4A42A76BEF1D}.Release|Any CPU.Build.0 = Release|Any CPU
	EndGlobalSection
	GlobalSection(SolutionProperties) = preSolution
		HideSolutionNode = FALSE
	EndGlobalSection
	GlobalSection(ExtensibilityGlobals) = postSolution
		SolutionGuid = {9A5A726A-96DF-46A4-A4CE-C3041177127E}
	EndGlobalSection
EndGlobal
